// !$*UTF8*$!
{
	archiveVersion = 1;
	classes = {
	};
	objectVersion = 56;
	objects = {

/* Begin PBXBuildFile section */
		A10000010000000000000001 /* AppDelegate.swift in Sources */ = {isa = PBXBuildFile; fileRef = A20000010000000000000001 /* AppDelegate.swift */; };
		A10000020000000000000002 /* PreviewController.swift in Sources */ = {isa = PBXBuildFile; fileRef = A20000020000000000000002 /* PreviewController.swift */; };
		A10000030000000000000003 /* MarkdownRenderer.swift in Sources */ = {isa = PBXBuildFile; fileRef = A20000030000000000000003 /* MarkdownRenderer.swift */; };
		A10000040000000000000004 /* preview.css in Resources */ = {isa = PBXBuildFile; fileRef = A20000040000000000000004 /* preview.css */; };
		A10000050000000000000005 /* MarkdownRendererTests.swift in Sources */ = {isa = PBXBuildFile; fileRef = A20000050000000000000005 /* MarkdownRendererTests.swift */; };
		A10000060000000000000006 /* mdqlPreview.appex in Embed Foundation Extensions */ = {isa = PBXBuildFile; fileRef = A30000020000000000000002 /* mdqlPreview.appex */; settings = {ATTRIBUTES = (RemoveHeadersOnCopy, ); }; };
		A10000070000000000000007 /* basic.md in Resources */ = {isa = PBXBuildFile; fileRef = A20000070000000000000007 /* basic.md */; };
		A10000080000000000000008 /* gfm.md in Resources */ = {isa = PBXBuildFile; fileRef = A20000080000000000000008 /* gfm.md */; };
		A10000090000000000000009 /* empty.md in Resources */ = {isa = PBXBuildFile; fileRef = A20000090000000000000009 /* empty.md */; };
		A1000000000000000000000A /* special-chars.md in Resources */ = {isa = PBXBuildFile; fileRef = A2000000000000000000000A /* special-chars.md */; };
		F10000010000000000000001 /* front-matter.md in Resources */ = {isa = PBXBuildFile; fileRef = F20000010000000000000001 /* front-matter.md */; };
		A1000000000000000000000B /* Markdown in Frameworks */ = {isa = PBXBuildFile; productRef = A5000001000000000000000B /* Markdown */; };
		A1000000000000000000000C /* MarkdownRenderer.swift in Sources */ = {isa = PBXBuildFile; fileRef = A20000030000000000000003 /* MarkdownRenderer.swift */; };
		A1000000000000000000000D /* preview.css in Resources */ = {isa = PBXBuildFile; fileRef = A20000040000000000000004 /* preview.css */; };
		A1000000000000000000000E /* PreviewController.swift in Sources */ = {isa = PBXBuildFile; fileRef = A20000020000000000000002 /* PreviewController.swift */; };
		A1000000000000000000000F /* Markdown in Frameworks */ = {isa = PBXBuildFile; productRef = A5000002000000000000000B /* Markdown */; };
		D10000070000000000000007 /* FileWatcherTests.swift in Sources */ = {isa = PBXBuildFile; fileRef = D20000030000000000000003 /* FileWatcherTests.swift */; };
		D10000090000000000000009 /* FileWatcher.swift in Sources */ = {isa = PBXBuildFile; fileRef = D20000010000000000000001 /* FileWatcher.swift */; };
		D1000000000000000000000B /* WebKit.framework in Frameworks */ = {isa = PBXBuildFile; fileRef = D20000050000000000000005 /* WebKit.framework */; };
		D1000000000000000000000C /* FileWatcher.swift in Sources */ = {isa = PBXBuildFile; fileRef = D20000010000000000000001 /* FileWatcher.swift */; };
		D1000000000000000000000D /* WebKit.framework in Frameworks */ = {isa = PBXBuildFile; fileRef = D20000050000000000000005 /* WebKit.framework */; };
		E10000020000000000000002 /* PreviewControllerTests.swift in Sources */ = {isa = PBXBuildFile; fileRef = E20000020000000000000002 /* PreviewControllerTests.swift */; };
		G10000010000000000000001 /* main.swift in Sources */ = {isa = PBXBuildFile; fileRef = G20000010000000000000001 /* main.swift */; };
		G10000020000000000000002 /* MarkdownRenderer.swift in Sources */ = {isa = PBXBuildFile; fileRef = A20000030000000000000003 /* MarkdownRenderer.swift */; };
		G10000030000000000000003 /* preview.css in CopyFiles */ = {isa = PBXBuildFile; fileRef = A20000040000000000000004 /* preview.css */; };
		G10000040000000000000004 /* Markdown in Frameworks */ = {isa = PBXBuildFile; productRef = G70000010000000000000001 /* Markdown */; };
		G10000050000000000000005 /* WebKit.framework in Frameworks */ = {isa = PBXBuildFile; fileRef = D20000050000000000000005 /* WebKit.framework */; };
		H10000010000000000000001 /* OpenURLProtocol.swift in Sources */ = {isa = PBXBuildFile; fileRef = H20000010000000000000001 /* OpenURLProtocol.swift */; };
		H10000020000000000000002 /* OpenURLService.swift in Sources */ = {isa = PBXBuildFile; fileRef = H20000020000000000000002 /* OpenURLService.swift */; };
		H10000030000000000000003 /* OpenURLDelegate.swift in Sources */ = {isa = PBXBuildFile; fileRef = H20000030000000000000003 /* OpenURLDelegate.swift */; };
		H10000040000000000000004 /* main.swift in Sources */ = {isa = PBXBuildFile; fileRef = H20000040000000000000004 /* main.swift */; };
		H10000050000000000000005 /* OpenURLProtocol.swift in Sources */ = {isa = PBXBuildFile; fileRef = H20000010000000000000001 /* OpenURLProtocol.swift */; };
		H10000060000000000000006 /* OpenURLProtocol.swift in Sources */ = {isa = PBXBuildFile; fileRef = H20000010000000000000001 /* OpenURLProtocol.swift */; };
		H10000070000000000000007 /* com.mdql.app.open-url.xpc in Embed XPC Services */ = {isa = PBXBuildFile; fileRef = H30000010000000000000001 /* com.mdql.app.open-url.xpc */; settings = {ATTRIBUTES = (RemoveHeadersOnCopy, ); }; };
/* End PBXBuildFile section */

/* Begin PBXContainerItemProxy section */
		A40000010000000000000001 /* PBXContainerItemProxy */ = {
			isa = PBXContainerItemProxy;
			containerPortal = A60000010000000000000001 /* Project object */;
			proxyType = 1;
			remoteGlobalIDString = B10000010000000000000001;
			remoteInfo = mdql;
		};
		A40000020000000000000002 /* PBXContainerItemProxy */ = {
			isa = PBXContainerItemProxy;
			containerPortal = A60000010000000000000001 /* Project object */;
			proxyType = 1;
			remoteGlobalIDString = B10000020000000000000002;
			remoteInfo = mdqlPreview;
		};
		H40000020000000000000002 /* PBXContainerItemProxy */ = {
			isa = PBXContainerItemProxy;
			containerPortal = A60000010000000000000001 /* Project object */;
			proxyType = 1;
			remoteGlobalIDString = H40000010000000000000001;
			remoteInfo = "mdql-open-url";
		};
/* End PBXContainerItemProxy section */

/* Begin PBXCopyFilesBuildPhase section */
		A70000010000000000000001 /* Embed Foundation Extensions */ = {
			isa = PBXCopyFilesBuildPhase;
			buildActionMask = 2147483647;
			dstPath = "";
			dstSubfolderSpec = 13;
			files = (
				A10000060000000000000006 /* mdqlPreview.appex in Embed Foundation Extensions */,
			);
			name = "Embed Foundation Extensions";
			runOnlyForDeploymentPostprocessing = 0;
		};
		G80000030000000000000003 /* CopyFiles */ = {
			isa = PBXCopyFilesBuildPhase;
			buildActionMask = 2147483647;
			dstPath = "";
			dstSubfolderSpec = 16;
			files = (
				G10000030000000000000003 /* preview.css in CopyFiles */,
			);
			runOnlyForDeploymentPostprocessing = 0;
		};
		H70000010000000000000001 /* Embed XPC Services */ = {
			isa = PBXCopyFilesBuildPhase;
			buildActionMask = 2147483647;
			dstPath = "$(CONTENTS_FOLDER_PATH)/XPCServices";
			dstSubfolderSpec = 16;
			files = (
				H10000070000000000000007 /* com.mdql.app.open-url.xpc in Embed XPC Services */,
			);
			name = "Embed XPC Services";
			runOnlyForDeploymentPostprocessing = 0;
		};
/* End PBXCopyFilesBuildPhase section */

/* Begin PBXShellScriptBuildPhase section */
		D10000100000000000000010 /* Install & Register QuickLook Extension */ = {
			isa = PBXShellScriptBuildPhase;
			buildActionMask = 2147483647;
			files = (
			);
			inputPaths = (
			);
			name = "Install & Register QuickLook Extension";
			outputPaths = (
			);
			runOnlyForDeploymentPostprocessing = 0;
			shellPath = /bin/bash;
			shellScript = "# Skip on CI or when running tests\nif [ \"$CI\" = \"true\" ] || [ \"$ACTION\" = \"test\" ]; then\n    echo \"Skipping QuickLook registration (CI or test run)\"\n    exit 0\nfi\n\n# Cannot launch apps during build, so skip the app launch step\nSKIP_LAUNCH=1 exec \"$SOURCE_ROOT/scripts/install.sh\" \"$BUILT_PRODUCTS_DIR\"\n";
		};
		H10000080000000000000008 /* Generate version.txt */ = {
			isa = PBXShellScriptBuildPhase;
			buildActionMask = 2147483647;
			files = (
			);
			inputPaths = (
			);
			name = "Generate version.txt";
			outputPaths = (
				"$(DERIVED_FILE_DIR)/version.txt",
			);
			runOnlyForDeploymentPostprocessing = 0;
			shellPath = /bin/bash;
			shellScript = "cd \"$SOURCE_ROOT\"\nHASH=$(git rev-parse --short HEAD 2>/dev/null || echo \"unknown\")\nDIRTY=$(git diff --quiet 2>/dev/null && git diff --cached --quiet 2>/dev/null || echo \"-dirty\")\necho \"${HASH}${DIRTY}\" > \"$DERIVED_FILE_DIR/version.txt\"\ncp \"$DERIVED_FILE_DIR/version.txt\" \"$TARGET_BUILD_DIR/$UNLOCALIZED_RESOURCES_FOLDER_PATH/version.txt\"\n";
		};
/* End PBXShellScriptBuildPhase section */

/* Begin PBXFileReference section */
		A20000010000000000000001 /* AppDelegate.swift */ = {isa = PBXFileReference; lastKnownFileType = sourcecode.swift; path = AppDelegate.swift; sourceTree = "<group>"; };
		A20000020000000000000002 /* PreviewController.swift */ = {isa = PBXFileReference; lastKnownFileType = sourcecode.swift; path = PreviewController.swift; sourceTree = "<group>"; };
		A20000030000000000000003 /* MarkdownRenderer.swift */ = {isa = PBXFileReference; lastKnownFileType = sourcecode.swift; path = MarkdownRenderer.swift; sourceTree = "<group>"; };
		A20000040000000000000004 /* preview.css */ = {isa = PBXFileReference; lastKnownFileType = text.css; path = preview.css; sourceTree = "<group>"; };
		A20000050000000000000005 /* MarkdownRendererTests.swift */ = {isa = PBXFileReference; lastKnownFileType = sourcecode.swift; path = MarkdownRendererTests.swift; sourceTree = "<group>"; };
		A20000060000000000000006 /* Info.plist */ = {isa = PBXFileReference; lastKnownFileType = text.plist.xml; path = Info.plist; sourceTree = "<group>"; };
		A20000070000000000000007 /* basic.md */ = {isa = PBXFileReference; lastKnownFileType = net.daringfireball.markdown; path = basic.md; sourceTree = "<group>"; };
		A20000080000000000000008 /* gfm.md */ = {isa = PBXFileReference; lastKnownFileType = net.daringfireball.markdown; path = gfm.md; sourceTree = "<group>"; };
		A20000090000000000000009 /* empty.md */ = {isa = PBXFileReference; lastKnownFileType = net.daringfireball.markdown; path = empty.md; sourceTree = "<group>"; };
		A2000000000000000000000A /* special-chars.md */ = {isa = PBXFileReference; lastKnownFileType = net.daringfireball.markdown; path = "special-chars.md"; sourceTree = "<group>"; };
		F20000010000000000000001 /* front-matter.md */ = {isa = PBXFileReference; lastKnownFileType = net.daringfireball.markdown; path = "front-matter.md"; sourceTree = "<group>"; };
		A2000000000000000000000B /* Info.plist */ = {isa = PBXFileReference; lastKnownFileType = text.plist.xml; path = Info.plist; sourceTree = "<group>"; };
		A2000000000000000000000C /* mdql.entitlements */ = {isa = PBXFileReference; lastKnownFileType = text.plist.entitlements; path = mdql.entitlements; sourceTree = "<group>"; };
		A2000000000000000000000D /* mdqlPreview.entitlements */ = {isa = PBXFileReference; lastKnownFileType = text.plist.entitlements; path = mdqlPreview.entitlements; sourceTree = "<group>"; };
		A30000010000000000000001 /* mdql.app */ = {isa = PBXFileReference; explicitFileType = wrapper.application; includeInIndex = 0; path = mdql.app; sourceTree = BUILT_PRODUCTS_DIR; };
		A30000020000000000000002 /* mdqlPreview.appex */ = {isa = PBXFileReference; explicitFileType = "wrapper.app-extension"; includeInIndex = 0; path = mdqlPreview.appex; sourceTree = BUILT_PRODUCTS_DIR; };
		A30000030000000000000003 /* mdqlTests.xctest */ = {isa = PBXFileReference; explicitFileType = wrapper.cfbundle; includeInIndex = 0; path = mdqlTests.xctest; sourceTree = BUILT_PRODUCTS_DIR; };
		D20000010000000000000001 /* FileWatcher.swift */ = {isa = PBXFileReference; lastKnownFileType = sourcecode.swift; path = FileWatcher.swift; sourceTree = "<group>"; };
		D20000030000000000000003 /* FileWatcherTests.swift */ = {isa = PBXFileReference; lastKnownFileType = sourcecode.swift; path = FileWatcherTests.swift; sourceTree = "<group>"; };
		D20000050000000000000005 /* WebKit.framework */ = {isa = PBXFileReference; lastKnownFileType = wrapper.framework; name = WebKit.framework; path = System/Library/Frameworks/WebKit.framework; sourceTree = SDKROOT; };
		E20000020000000000000002 /* PreviewControllerTests.swift */ = {isa = PBXFileReference; lastKnownFileType = sourcecode.swift; path = PreviewControllerTests.swift; sourceTree = "<group>"; };
		G20000010000000000000001 /* main.swift */ = {isa = PBXFileReference; lastKnownFileType = sourcecode.swift; path = main.swift; sourceTree = "<group>"; };
		G30000010000000000000001 /* mdql-screenshot */ = {isa = PBXFileReference; explicitFileType = "compiled.mach-o.executable"; includeInIndex = 0; path = "mdql-screenshot"; sourceTree = BUILT_PRODUCTS_DIR; };
		H20000010000000000000001 /* OpenURLProtocol.swift */ = {isa = PBXFileReference; lastKnownFileType = sourcecode.swift; path = OpenURLProtocol.swift; sourceTree = "<group>"; };
		H20000020000000000000002 /* OpenURLService.swift */ = {isa = PBXFileReference; lastKnownFileType = sourcecode.swift; path = OpenURLService.swift; sourceTree = "<group>"; };
		H20000030000000000000003 /* OpenURLDelegate.swift */ = {isa = PBXFileReference; lastKnownFileType = sourcecode.swift; path = OpenURLDelegate.swift; sourceTree = "<group>"; };
		H20000040000000000000004 /* main.swift */ = {isa = PBXFileReference; lastKnownFileType = sourcecode.swift; path = main.swift; sourceTree = "<group>"; };
		H20000050000000000000005 /* Info.plist */ = {isa = PBXFileReference; lastKnownFileType = text.plist.xml; path = Info.plist; sourceTree = "<group>"; };
		H30000010000000000000001 /* com.mdql.app.open-url.xpc */ = {isa = PBXFileReference; explicitFileType = "wrapper.xpc-service"; includeInIndex = 0; path = "com.mdql.app.open-url.xpc"; sourceTree = BUILT_PRODUCTS_DIR; };
/* End PBXFileReference section */

/* Begin PBXFrameworksBuildPhase section */
		A80000010000000000000001 /* Frameworks */ = {
			isa = PBXFrameworksBuildPhase;
			buildActionMask = 2147483647;
			files = (
			);
			runOnlyForDeploymentPostprocessing = 0;
		};
		A80000020000000000000002 /* Frameworks */ = {
			isa = PBXFrameworksBuildPhase;
			buildActionMask = 2147483647;
			files = (
				A1000000000000000000000B /* Markdown in Frameworks */,
				D1000000000000000000000D /* WebKit.framework in Frameworks */,
			);
			runOnlyForDeploymentPostprocessing = 0;
		};
		G80000020000000000000002 /* Frameworks */ = {
			isa = PBXFrameworksBuildPhase;
			buildActionMask = 2147483647;
			files = (
				G10000040000000000000004 /* Markdown in Frameworks */,
				G10000050000000000000005 /* WebKit.framework in Frameworks */,
			);
			runOnlyForDeploymentPostprocessing = 0;
		};
		A80000030000000000000003 /* Frameworks */ = {
			isa = PBXFrameworksBuildPhase;
			buildActionMask = 2147483647;
			files = (
				A1000000000000000000000F /* Markdown in Frameworks */,
				D1000000000000000000000B /* WebKit.framework in Frameworks */,
			);
			runOnlyForDeploymentPostprocessing = 0;
		};
		H80000020000000000000002 /* Frameworks */ = {
			isa = PBXFrameworksBuildPhase;
			buildActionMask = 2147483647;
			files = (
			);
			runOnlyForDeploymentPostprocessing = 0;
		};
/* End PBXFrameworksBuildPhase section */

/* Begin PBXGroup section */
		A90000010000000000000001 /* mdql */ = {
			isa = PBXGroup;
			children = (
				A20000010000000000000001 /* AppDelegate.swift */,
				D20000010000000000000001 /* FileWatcher.swift */,
				A2000000000000000000000B /* Info.plist */,
				A2000000000000000000000C /* mdql.entitlements */,
			);
			path = mdql;
			sourceTree = "<group>";
		};
		A90000020000000000000002 /* mdqlPreview */ = {
			isa = PBXGroup;
			children = (
				A20000020000000000000002 /* PreviewController.swift */,
				A20000030000000000000003 /* MarkdownRenderer.swift */,
				A90000050000000000000005 /* Resources */,
				A20000060000000000000006 /* Info.plist */,
				A2000000000000000000000D /* mdqlPreview.entitlements */,
			);
			path = mdqlPreview;
			sourceTree = "<group>";
		};
		A90000030000000000000003 /* mdqlTests */ = {
			isa = PBXGroup;
			children = (
				A20000050000000000000005 /* MarkdownRendererTests.swift */,
				D20000030000000000000003 /* FileWatcherTests.swift */,
				E20000020000000000000002 /* PreviewControllerTests.swift */,
				A90000040000000000000004 /* Fixtures */,
			);
			path = mdqlTests;
			sourceTree = "<group>";
		};
		A90000040000000000000004 /* Fixtures */ = {
			isa = PBXGroup;
			children = (
				A20000070000000000000007 /* basic.md */,
				A20000080000000000000008 /* gfm.md */,
				A20000090000000000000009 /* empty.md */,
				A2000000000000000000000A /* special-chars.md */,
				F20000010000000000000001 /* front-matter.md */,
			);
			path = Fixtures;
			sourceTree = "<group>";
		};
		A90000050000000000000005 /* Resources */ = {
			isa = PBXGroup;
			children = (
				A20000040000000000000004 /* preview.css */,
			);
			path = Resources;
			sourceTree = "<group>";
		};
		A90000060000000000000006 /* Products */ = {
			isa = PBXGroup;
			children = (
				A30000010000000000000001 /* mdql.app */,
				A30000020000000000000002 /* mdqlPreview.appex */,
				A30000030000000000000003 /* mdqlTests.xctest */,
				G30000010000000000000001 /* mdql-screenshot */,
				H30000010000000000000001 /* com.mdql.app.open-url.xpc */,
			);
			name = Products;
			sourceTree = "<group>";
		};
		G90000010000000000000001 /* mdql-screenshot */ = {
			isa = PBXGroup;
			children = (
				G20000010000000000000001 /* main.swift */,
			);
			path = "mdql-screenshot";
			sourceTree = "<group>";
		};
		H90000010000000000000001 /* mdql-open-url */ = {
			isa = PBXGroup;
			children = (
				H20000010000000000000001 /* OpenURLProtocol.swift */,
				H20000020000000000000002 /* OpenURLService.swift */,
				H20000030000000000000003 /* OpenURLDelegate.swift */,
				H20000040000000000000004 /* main.swift */,
				H20000050000000000000005 /* Info.plist */,
			);
			path = "mdql-open-url";
			sourceTree = "<group>";
		};
		D90000010000000000000001 /* Frameworks */ = {
			isa = PBXGroup;
			children = (
				D20000050000000000000005 /* WebKit.framework */,
			);
			name = Frameworks;
			sourceTree = "<group>";
		};
		A90000000000000000000000 = {
			isa = PBXGroup;
			children = (
				A90000010000000000000001 /* mdql */,
				A90000020000000000000002 /* mdqlPreview */,
				A90000030000000000000003 /* mdqlTests */,
				G90000010000000000000001 /* mdql-screenshot */,
				H90000010000000000000001 /* mdql-open-url */,
				D90000010000000000000001 /* Frameworks */,
				A90000060000000000000006 /* Products */,
			);
			sourceTree = "<group>";
		};
/* End PBXGroup section */

/* Begin PBXNativeTarget section */
		B10000010000000000000001 /* mdql */ = {
			isa = PBXNativeTarget;
			buildConfigurationList = B30000010000000000000001 /* Build configuration list for PBXNativeTarget "mdql" */;
			buildPhases = (
				B20000010000000000000001 /* Sources */,
				A80000010000000000000001 /* Frameworks */,
				B20000040000000000000004 /* Resources */,
				A70000010000000000000001 /* Embed Foundation Extensions */,
				D10000100000000000000010 /* Install & Register QuickLook Extension */,
			);
			buildRules = (
			);
			dependencies = (
				B40000010000000000000001 /* PBXTargetDependency */,
			);
			name = mdql;
			packageProductDependencies = (
			);
			productName = mdql;
			productReference = A30000010000000000000001 /* mdql.app */;
			productType = "com.apple.product-type.application";
		};
		B10000020000000000000002 /* mdqlPreview */ = {
			isa = PBXNativeTarget;
			buildConfigurationList = B30000020000000000000002 /* Build configuration list for PBXNativeTarget "mdqlPreview" */;
			buildPhases = (
				H10000080000000000000008 /* Generate version.txt */,
				B20000020000000000000002 /* Sources */,
				A80000020000000000000002 /* Frameworks */,
				B20000050000000000000005 /* Resources */,
				H70000010000000000000001 /* Embed XPC Services */,
			);
			buildRules = (
			);
			dependencies = (
				H40000030000000000000003 /* PBXTargetDependency */,
			);
			name = mdqlPreview;
			packageProductDependencies = (
				A5000001000000000000000B /* Markdown */,
			);
			productName = mdqlPreview;
			productReference = A30000020000000000000002 /* mdqlPreview.appex */;
			productType = "com.apple.product-type.app-extension";
		};
		B10000030000000000000003 /* mdqlTests */ = {
			isa = PBXNativeTarget;
			buildConfigurationList = B30000030000000000000003 /* Build configuration list for PBXNativeTarget "mdqlTests" */;
			buildPhases = (
				B20000030000000000000003 /* Sources */,
				A80000030000000000000003 /* Frameworks */,
				B20000060000000000000006 /* Resources */,
			);
			buildRules = (
			);
			dependencies = (
				B40000020000000000000002 /* PBXTargetDependency */,
			);
			name = mdqlTests;
			packageProductDependencies = (
				A5000002000000000000000B /* Markdown */,
			);
			productName = mdqlTests;
			productReference = A30000030000000000000003 /* mdqlTests.xctest */;
			productType = "com.apple.product-type.bundle.unit-test";
		};
		G40000010000000000000001 /* mdql-screenshot */ = {
			isa = PBXNativeTarget;
			buildConfigurationList = G60000010000000000000001 /* Build configuration list for PBXNativeTarget "mdql-screenshot" */;
			buildPhases = (
				G80000010000000000000001 /* Sources */,
				G80000020000000000000002 /* Frameworks */,
				G80000030000000000000003 /* CopyFiles */,
			);
			buildRules = (
			);
			dependencies = (
			);
			name = "mdql-screenshot";
			packageProductDependencies = (
				G70000010000000000000001 /* Markdown */,
			);
			productName = "mdql-screenshot";
			productReference = G30000010000000000000001 /* mdql-screenshot */;
			productType = "com.apple.product-type.tool";
		};
		H40000010000000000000001 /* mdql-open-url */ = {
			isa = PBXNativeTarget;
			buildConfigurationList = H60000010000000000000001 /* Build configuration list for PBXNativeTarget "mdql-open-url" */;
			buildPhases = (
				H80000010000000000000001 /* Sources */,
				H80000020000000000000002 /* Frameworks */,
			);
			buildRules = (
			);
			dependencies = (
			);
			name = "mdql-open-url";
			productName = "mdql-open-url";
			productReference = H30000010000000000000001 /* com.mdql.app.open-url.xpc */;
			productType = "com.apple.product-type.xpc-service";
		};
/* End PBXNativeTarget section */

/* Begin PBXProject section */
		A60000010000000000000001 /* Project object */ = {
			isa = PBXProject;
			attributes = {
				BuildIndependentTargetsInParallel = 1;
				LastSwiftUpdateCheck = 1500;
				LastUpgradeCheck = 1500;
				TargetAttributes = {
					B10000010000000000000001 = {
						CreatedOnToolsVersion = 15.0;
					};
					B10000020000000000000002 = {
						CreatedOnToolsVersion = 15.0;
					};
					B10000030000000000000003 = {
						CreatedOnToolsVersion = 15.0;
						TestTargetID = B10000010000000000000001;
					};
					G40000010000000000000001 = {
						CreatedOnToolsVersion = 15.0;
					};
					H40000010000000000000001 = {
						CreatedOnToolsVersion = 15.0;
					};
				};
			};
			buildConfigurationList = B30000040000000000000004 /* Build configuration list for PBXProject "mdql" */;
			compatibilityVersion = "Xcode 14.0";
			developmentRegion = en;
			hasScannedForEncodings = 0;
			knownRegions = (
				en,
				Base,
			);
			mainGroup = A90000000000000000000000;
			packageReferences = (
				A5000000000000000000000B /* XCRemoteSwiftPackageReference "swift-markdown" */,
			);
			productRefGroup = A90000060000000000000006 /* Products */;
			projectDirPath = "";
			projectRoot = "";
			targets = (
				B10000010000000000000001 /* mdql */,
				B10000020000000000000002 /* mdqlPreview */,
				B10000030000000000000003 /* mdqlTests */,
				G40000010000000000000001 /* mdql-screenshot */,
				H40000010000000000000001 /* mdql-open-url */,
			);
		};
/* End PBXProject section */

/* Begin PBXResourcesBuildPhase section */
		B20000040000000000000004 /* Resources */ = {
			isa = PBXResourcesBuildPhase;
			buildActionMask = 2147483647;
			files = (
			);
			runOnlyForDeploymentPostprocessing = 0;
		};
		B20000050000000000000005 /* Resources */ = {
			isa = PBXResourcesBuildPhase;
			buildActionMask = 2147483647;
			files = (
				A10000040000000000000004 /* preview.css in Resources */,
			);
			runOnlyForDeploymentPostprocessing = 0;
		};
		B20000060000000000000006 /* Resources */ = {
			isa = PBXResourcesBuildPhase;
			buildActionMask = 2147483647;
			files = (
				A10000070000000000000007 /* basic.md in Resources */,
				A10000080000000000000008 /* gfm.md in Resources */,
				A10000090000000000000009 /* empty.md in Resources */,
				A1000000000000000000000A /* special-chars.md in Resources */,
				F10000010000000000000001 /* front-matter.md in Resources */,
				A1000000000000000000000D /* preview.css in Resources */,
			);
			runOnlyForDeploymentPostprocessing = 0;
		};
/* End PBXResourcesBuildPhase section */

/* Begin PBXSourcesBuildPhase section */
		B20000010000000000000001 /* Sources */ = {
			isa = PBXSourcesBuildPhase;
			buildActionMask = 2147483647;
			files = (
				A10000010000000000000001 /* AppDelegate.swift in Sources */,
			);
			runOnlyForDeploymentPostprocessing = 0;
		};
		B20000020000000000000002 /* Sources */ = {
			isa = PBXSourcesBuildPhase;
			buildActionMask = 2147483647;
			files = (
				A10000020000000000000002 /* PreviewController.swift in Sources */,
				A10000030000000000000003 /* MarkdownRenderer.swift in Sources */,
				D1000000000000000000000C /* FileWatcher.swift in Sources */,
				H10000050000000000000005 /* OpenURLProtocol.swift in Sources */,
			);
			runOnlyForDeploymentPostprocessing = 0;
		};
		B20000030000000000000003 /* Sources */ = {
			isa = PBXSourcesBuildPhase;
			buildActionMask = 2147483647;
			files = (
				A10000050000000000000005 /* MarkdownRendererTests.swift in Sources */,
				A1000000000000000000000C /* MarkdownRenderer.swift in Sources */,
				A1000000000000000000000E /* PreviewController.swift in Sources */,
				D10000070000000000000007 /* FileWatcherTests.swift in Sources */,
				D10000090000000000000009 /* FileWatcher.swift in Sources */,
				E10000020000000000000002 /* PreviewControllerTests.swift in Sources */,
				H10000060000000000000006 /* OpenURLProtocol.swift in Sources */,
			);
			runOnlyForDeploymentPostprocessing = 0;
		};
		G80000010000000000000001 /* Sources */ = {
			isa = PBXSourcesBuildPhase;
			buildActionMask = 2147483647;
			files = (
				G10000010000000000000001 /* main.swift in Sources */,
				G10000020000000000000002 /* MarkdownRenderer.swift in Sources */,
			);
			runOnlyForDeploymentPostprocessing = 0;
		};
		H80000010000000000000001 /* Sources */ = {
			isa = PBXSourcesBuildPhase;
			buildActionMask = 2147483647;
			files = (
				H10000010000000000000001 /* OpenURLProtocol.swift in Sources */,
				H10000020000000000000002 /* OpenURLService.swift in Sources */,
				H10000030000000000000003 /* OpenURLDelegate.swift in Sources */,
				H10000040000000000000004 /* main.swift in Sources */,
			);
			runOnlyForDeploymentPostprocessing = 0;
		};
/* End PBXSourcesBuildPhase section */

/* Begin PBXTargetDependency section */
		B40000010000000000000001 /* PBXTargetDependency */ = {
			isa = PBXTargetDependency;
			target = B10000020000000000000002 /* mdqlPreview */;
			targetProxy = A40000020000000000000002 /* PBXContainerItemProxy */;
		};
		B40000020000000000000002 /* PBXTargetDependency */ = {
			isa = PBXTargetDependency;
			target = B10000010000000000000001 /* mdql */;
			targetProxy = A40000010000000000000001 /* PBXContainerItemProxy */;
		};
		H40000030000000000000003 /* PBXTargetDependency */ = {
			isa = PBXTargetDependency;
			target = H40000010000000000000001 /* mdql-open-url */;
			targetProxy = H40000020000000000000002 /* PBXContainerItemProxy */;
		};
/* End PBXTargetDependency section */

/* Begin XCBuildConfiguration section */
		C10000010000000000000001 /* Debug */ = {
			isa = XCBuildConfiguration;
			buildSettings = {
				ALWAYS_SEARCH_USER_PATHS = NO;
				ASSETCATALOG_COMPILER_GENERATE_SWIFT_ASSET_SYMBOL_EXTENSIONS = YES;
				CLANG_ANALYZER_NONNULL = YES;
				CLANG_CXX_LANGUAGE_STANDARD = "gnu++20";
				CLANG_ENABLE_MODULES = YES;
				CLANG_ENABLE_OBJC_ARC = YES;
				CLANG_WARN_BLOCK_CAPTURE_AUTORELEASING = YES;
				CLANG_WARN_BOOL_CONVERSION = YES;
				CLANG_WARN_COMMA = YES;
				CLANG_WARN_CONSTANT_CONVERSION = YES;
				CLANG_WARN_DEPRECATED_OBJC_IMPLEMENTATIONS = YES;
				CLANG_WARN_DIRECT_OBJC_ISA_USAGE = YES_ERROR;
				CLANG_WARN_DOCUMENTATION_COMMENTS = YES;
				CLANG_WARN_EMPTY_BODY = YES;
				CLANG_WARN_ENUM_CONVERSION = YES;
				CLANG_WARN_INFINITE_RECURSION = YES;
				CLANG_WARN_INT_CONVERSION = YES;
				CLANG_WARN_NON_LITERAL_NULL_CONVERSION = YES;
				CLANG_WARN_OBJC_IMPLICIT_RETAIN_SELF = YES;
				CLANG_WARN_OBJC_LITERAL_CONVERSION = YES;
				CLANG_WARN_OBJC_ROOT_CLASS = YES_ERROR;
				CLANG_WARN_QUOTED_INCLUDE_IN_FRAMEWORK_HEADER = YES;
				CLANG_WARN_RANGE_LOOP_ANALYSIS = YES;
				CLANG_WARN_STRICT_PROTOTYPES = YES;
				CLANG_WARN_SUSPICIOUS_MOVE = YES;
				CLANG_WARN_UNGUARDED_AVAILABILITY = YES_AGGRESSIVE;
				CLANG_WARN_UNREACHABLE_CODE = YES;
				CLANG_WARN__DUPLICATE_METHOD_MATCH = YES;
				COPY_PHASE_STRIP = NO;
				DEBUG_INFORMATION_FORMAT = dwarf;
				ENABLE_STRICT_OBJC_MSGSEND = YES;
				ENABLE_TESTABILITY = YES;
				ENABLE_USER_SCRIPT_SANDBOXING = YES;
				GCC_C_LANGUAGE_STANDARD = gnu17;
				GCC_DYNAMIC_NO_PIC = NO;
				GCC_NO_COMMON_BLOCKS = YES;
				GCC_OPTIMIZATION_LEVEL = 0;
				GCC_PREPROCESSOR_DEFINITIONS = (
					"DEBUG=1",
					"$(inherited)",
				);
				GCC_WARN_64_TO_32_BIT_CONVERSION = YES;
				GCC_WARN_ABOUT_RETURN_TYPE = YES_ERROR;
				GCC_WARN_UNDECLARED_SELECTOR = YES;
				GCC_WARN_UNINITIALIZED_AUTOS = YES_AGGRESSIVE;
				GCC_WARN_UNUSED_FUNCTION = YES;
				GCC_WARN_UNUSED_VARIABLE = YES;
				MACOSX_DEPLOYMENT_TARGET = 12.0;
				MTL_ENABLE_DEBUG_INFO = INCLUDE_SOURCE;
				MTL_FAST_MATH = YES;
				ONLY_ACTIVE_ARCH = YES;
				SDKROOT = macosx;
				SWIFT_ACTIVE_COMPILATION_CONDITIONS = "$(inherited) DEBUG";
				SWIFT_OPTIMIZATION_LEVEL = "-Onone";
			};
			name = Debug;
		};
		C10000020000000000000002 /* Release */ = {
			isa = XCBuildConfiguration;
			buildSettings = {
				ALWAYS_SEARCH_USER_PATHS = NO;
				ASSETCATALOG_COMPILER_GENERATE_SWIFT_ASSET_SYMBOL_EXTENSIONS = YES;
				CLANG_ANALYZER_NONNULL = YES;
				CLANG_CXX_LANGUAGE_STANDARD = "gnu++20";
				CLANG_ENABLE_MODULES = YES;
				CLANG_ENABLE_OBJC_ARC = YES;
				CLANG_WARN_BLOCK_CAPTURE_AUTORELEASING = YES;
				CLANG_WARN_BOOL_CONVERSION = YES;
				CLANG_WARN_COMMA = YES;
				CLANG_WARN_CONSTANT_CONVERSION = YES;
				CLANG_WARN_DEPRECATED_OBJC_IMPLEMENTATIONS = YES;
				CLANG_WARN_DIRECT_OBJC_ISA_USAGE = YES_ERROR;
				CLANG_WARN_DOCUMENTATION_COMMENTS = YES;
				CLANG_WARN_EMPTY_BODY = YES;
				CLANG_WARN_ENUM_CONVERSION = YES;
				CLANG_WARN_INFINITE_RECURSION = YES;
				CLANG_WARN_INT_CONVERSION = YES;
				CLANG_WARN_NON_LITERAL_NULL_CONVERSION = YES;
				CLANG_WARN_OBJC_IMPLICIT_RETAIN_SELF = YES;
				CLANG_WARN_OBJC_LITERAL_CONVERSION = YES;
				CLANG_WARN_OBJC_ROOT_CLASS = YES_ERROR;
				CLANG_WARN_QUOTED_INCLUDE_IN_FRAMEWORK_HEADER = YES;
				CLANG_WARN_RANGE_LOOP_ANALYSIS = YES;
				CLANG_WARN_STRICT_PROTOTYPES = YES;
				CLANG_WARN_SUSPICIOUS_MOVE = YES;
				CLANG_WARN_UNGUARDED_AVAILABILITY = YES_AGGRESSIVE;
				CLANG_WARN_UNREACHABLE_CODE = YES;
				CLANG_WARN__DUPLICATE_METHOD_MATCH = YES;
				COPY_PHASE_STRIP = NO;
				DEBUG_INFORMATION_FORMAT = "dwarf-with-dsym";
				ENABLE_NS_ASSERTIONS = NO;
				ENABLE_STRICT_OBJC_MSGSEND = YES;
				ENABLE_USER_SCRIPT_SANDBOXING = YES;
				GCC_C_LANGUAGE_STANDARD = gnu17;
				GCC_NO_COMMON_BLOCKS = YES;
				GCC_WARN_64_TO_32_BIT_CONVERSION = YES;
				GCC_WARN_ABOUT_RETURN_TYPE = YES_ERROR;
				GCC_WARN_UNDECLARED_SELECTOR = YES;
				GCC_WARN_UNINITIALIZED_AUTOS = YES_AGGRESSIVE;
				GCC_WARN_UNUSED_FUNCTION = YES;
				GCC_WARN_UNUSED_VARIABLE = YES;
				MACOSX_DEPLOYMENT_TARGET = 12.0;
				MTL_ENABLE_DEBUG_INFO = NO;
				MTL_FAST_MATH = YES;
				SDKROOT = macosx;
				SWIFT_COMPILATION_MODE = wholemodule;
			};
			name = Release;
		};
		C20000010000000000000001 /* Debug */ = {
			isa = XCBuildConfiguration;
			buildSettings = {
				CODE_SIGN_ENTITLEMENTS = mdql/mdql.entitlements;
				CODE_SIGN_STYLE = Automatic;
				COMBINE_HIDPI_IMAGES = YES;
				ENABLE_USER_SCRIPT_SANDBOXING = NO;
				INFOPLIST_FILE = mdql/Info.plist;
				LD_RUNPATH_SEARCH_PATHS = (
					"$(inherited)",
					"@executable_path/../Frameworks",
				);
				PRODUCT_BUNDLE_IDENTIFIER = com.mdql.app;
				PRODUCT_NAME = "$(TARGET_NAME)";
				SWIFT_VERSION = 5.0;
			};
			name = Debug;
		};
		C20000020000000000000002 /* Release */ = {
			isa = XCBuildConfiguration;
			buildSettings = {
				CODE_SIGN_ENTITLEMENTS = mdql/mdql.entitlements;
				CODE_SIGN_STYLE = Automatic;
				COMBINE_HIDPI_IMAGES = YES;
				ENABLE_USER_SCRIPT_SANDBOXING = NO;
				INFOPLIST_FILE = mdql/Info.plist;
				LD_RUNPATH_SEARCH_PATHS = (
					"$(inherited)",
					"@executable_path/../Frameworks",
				);
				PRODUCT_BUNDLE_IDENTIFIER = com.mdql.app;
				PRODUCT_NAME = "$(TARGET_NAME)";
				SWIFT_VERSION = 5.0;
			};
			name = Release;
		};
		C30000010000000000000001 /* Debug */ = {
			isa = XCBuildConfiguration;
			buildSettings = {
				CODE_SIGN_ENTITLEMENTS = mdqlPreview/mdqlPreview.entitlements;
				CODE_SIGN_STYLE = Automatic;
				ENABLE_USER_SCRIPT_SANDBOXING = NO;
				INFOPLIST_FILE = mdqlPreview/Info.plist;
				LD_RUNPATH_SEARCH_PATHS = (
					"$(inherited)",
					"@executable_path/../Frameworks",
					"@executable_path/../../../../Frameworks",
				);
				PRODUCT_BUNDLE_IDENTIFIER = com.mdql.app.preview;
				PRODUCT_NAME = "$(TARGET_NAME)";
				SKIP_INSTALL = YES;
				SWIFT_VERSION = 5.0;
			};
			name = Debug;
		};
		C30000020000000000000002 /* Release */ = {
			isa = XCBuildConfiguration;
			buildSettings = {
				CODE_SIGN_ENTITLEMENTS = mdqlPreview/mdqlPreview.entitlements;
				CODE_SIGN_STYLE = Automatic;
				ENABLE_USER_SCRIPT_SANDBOXING = NO;
				INFOPLIST_FILE = mdqlPreview/Info.plist;
				LD_RUNPATH_SEARCH_PATHS = (
					"$(inherited)",
					"@executable_path/../Frameworks",
					"@executable_path/../../../../Frameworks",
				);
				PRODUCT_BUNDLE_IDENTIFIER = com.mdql.app.preview;
				PRODUCT_NAME = "$(TARGET_NAME)";
				SKIP_INSTALL = YES;
				SWIFT_VERSION = 5.0;
			};
			name = Release;
		};
		C40000010000000000000001 /* Debug */ = {
			isa = XCBuildConfiguration;
			buildSettings = {
				/* BUNDLE_LOADER removed - standalone test */
				CODE_SIGN_STYLE = Automatic;
				COMBINE_HIDPI_IMAGES = YES;
				GENERATE_INFOPLIST_FILE = YES;
				LD_RUNPATH_SEARCH_PATHS = (
					"$(inherited)",
					"@executable_path/../Frameworks",
					"@loader_path/../Frameworks",
				);
				PRODUCT_BUNDLE_IDENTIFIER = com.mdql.tests;
				PRODUCT_NAME = "$(TARGET_NAME)";
				SWIFT_VERSION = 5.0;
				/* TEST_HOST removed - standalone test */
			};
			name = Debug;
		};
		C40000020000000000000002 /* Release */ = {
			isa = XCBuildConfiguration;
			buildSettings = {
				/* BUNDLE_LOADER removed - standalone test */
				CODE_SIGN_STYLE = Automatic;
				COMBINE_HIDPI_IMAGES = YES;
				GENERATE_INFOPLIST_FILE = YES;
				LD_RUNPATH_SEARCH_PATHS = (
					"$(inherited)",
					"@executable_path/../Frameworks",
					"@loader_path/../Frameworks",
				);
				PRODUCT_BUNDLE_IDENTIFIER = com.mdql.tests;
				PRODUCT_NAME = "$(TARGET_NAME)";
				SWIFT_VERSION = 5.0;
				/* TEST_HOST removed - standalone test */
			};
			name = Release;
		};
		G50000010000000000000001 /* Debug */ = {
			isa = XCBuildConfiguration;
			buildSettings = {
				CODE_SIGN_STYLE = Automatic;
				MACOSX_DEPLOYMENT_TARGET = 10.15;
				PRODUCT_NAME = "$(TARGET_NAME)";
				SWIFT_VERSION = 5.0;
			};
			name = Debug;
		};
		G50000020000000000000002 /* Release */ = {
			isa = XCBuildConfiguration;
			buildSettings = {
				CODE_SIGN_STYLE = Automatic;
				MACOSX_DEPLOYMENT_TARGET = 10.15;
				PRODUCT_NAME = "$(TARGET_NAME)";
				SWIFT_VERSION = 5.0;
			};
			name = Release;
		};
		H50000010000000000000001 /* Debug */ = {
			isa = XCBuildConfiguration;
			buildSettings = {
				CODE_SIGN_STYLE = Automatic;
				COMBINE_HIDPI_IMAGES = YES;
				INFOPLIST_FILE = "mdql-open-url/Info.plist";
				PRODUCT_BUNDLE_IDENTIFIER = "com.mdql.app.open-url";
				PRODUCT_NAME = "com.mdql.app.open-url";
				SKIP_INSTALL = YES;
				SWIFT_VERSION = 5.0;
			};
			name = Debug;
		};
		H50000020000000000000002 /* Release */ = {
			isa = XCBuildConfiguration;
			buildSettings = {
				CODE_SIGN_STYLE = Automatic;
				COMBINE_HIDPI_IMAGES = YES;
				INFOPLIST_FILE = "mdql-open-url/Info.plist";
				PRODUCT_BUNDLE_IDENTIFIER = "com.mdql.app.open-url";
				PRODUCT_NAME = "com.mdql.app.open-url";
				SKIP_INSTALL = YES;
				SWIFT_VERSION = 5.0;
			};
			name = Release;
		};
/* End XCBuildConfiguration section */

/* Begin XCConfigurationList section */
		B30000010000000000000001 /* Build configuration list for PBXNativeTarget "mdql" */ = {
			isa = XCConfigurationList;
			buildConfigurations = (
				C20000010000000000000001 /* Debug */,
				C20000020000000000000002 /* Release */,
			);
			defaultConfigurationIsVisible = 0;
			defaultConfigurationName = Release;
		};
		B30000020000000000000002 /* Build configuration list for PBXNativeTarget "mdqlPreview" */ = {
			isa = XCConfigurationList;
			buildConfigurations = (
				C30000010000000000000001 /* Debug */,
				C30000020000000000000002 /* Release */,
			);
			defaultConfigurationIsVisible = 0;
			defaultConfigurationName = Release;
		};
		B30000030000000000000003 /* Build configuration list for PBXNativeTarget "mdqlTests" */ = {
			isa = XCConfigurationList;
			buildConfigurations = (
				C40000010000000000000001 /* Debug */,
				C40000020000000000000002 /* Release */,
			);
			defaultConfigurationIsVisible = 0;
			defaultConfigurationName = Release;
		};
		B30000040000000000000004 /* Build configuration list for PBXProject "mdql" */ = {
			isa = XCConfigurationList;
			buildConfigurations = (
				C10000010000000000000001 /* Debug */,
				C10000020000000000000002 /* Release */,
			);
			defaultConfigurationIsVisible = 0;
			defaultConfigurationName = Release;
		};
		G60000010000000000000001 /* Build configuration list for PBXNativeTarget "mdql-screenshot" */ = {
			isa = XCConfigurationList;
			buildConfigurations = (
				G50000010000000000000001 /* Debug */,
				G50000020000000000000002 /* Release */,
			);
			defaultConfigurationIsVisible = 0;
			defaultConfigurationName = Release;
		};
		H60000010000000000000001 /* Build configuration list for PBXNativeTarget "mdql-open-url" */ = {
			isa = XCConfigurationList;
			buildConfigurations = (
				H50000010000000000000001 /* Debug */,
				H50000020000000000000002 /* Release */,
			);
			defaultConfigurationIsVisible = 0;
			defaultConfigurationName = Release;
		};
/* End XCConfigurationList section */

/* Begin XCRemoteSwiftPackageReference section */
		A5000000000000000000000B /* XCRemoteSwiftPackageReference "swift-markdown" */ = {
			isa = XCRemoteSwiftPackageReference;
			repositoryURL = "https://github.com/swiftlang/swift-markdown.git";
			requirement = {
				branch = main;
				kind = branch;
			};
		};
/* End XCRemoteSwiftPackageReference section */

/* Begin XCSwiftPackageProductDependency section */
		A5000001000000000000000B /* Markdown */ = {
			isa = XCSwiftPackageProductDependency;
			package = A5000000000000000000000B /* XCRemoteSwiftPackageReference "swift-markdown" */;
			productName = Markdown;
		};
		A5000002000000000000000B /* Markdown */ = {
			isa = XCSwiftPackageProductDependency;
			package = A5000000000000000000000B /* XCRemoteSwiftPackageReference "swift-markdown" */;
			productName = Markdown;
		};
		G70000010000000000000001 /* Markdown */ = {
			isa = XCSwiftPackageProductDependency;
			package = A5000000000000000000000B /* XCRemoteSwiftPackageReference "swift-markdown" */;
			productName = Markdown;
		};
/* End XCSwiftPackageProductDependency section */

	};
	rootObject = A60000010000000000000001 /* Project object */;
}
